
Microsoft Visual Studio Solution File, Format Version 12.00
# Visual Studio Version 17
VisualStudioVersion = 17.2.32602.215
MinimumVisualStudioVersion = 10.0.40219.1
Project("{FAE04EC0-301F-11D3-BF4B-00C04F79EFBC}") = "Zadanie6.1", "Zadanie6.1\Zadanie6.1.csproj", "{740F38ED-B360-4310-833A-326E12F41EB9}"
EndProject
Global
	GlobalSection(SolutionConfigurationPlatforms) = preSolution
		Debug|Any CPU = Debug|Any CPU
		Release|Any CPU = Release|Any CPU
	EndGlobalSection
	GlobalSection(ProjectConfigurationPlatforms) = postSolution
		{740F38ED-B360-4310-833A-326E12F41EB9}.Debug|Any CPU.ActiveCfg = Debug|Any CPU
		{740F38ED-B360-4310-833A-326E12F41EB9}.Debug|Any CPU.Build.0 = Debug|Any CPU
		{740F38ED-B360-4310-833A-326E12F41EB9}.Release|Any CPU.ActiveCfg = Release|Any CPU
		{740F38ED-B360-4310-833A-326E12F41EB9}.Release|Any CPU.Build.0 = Release|Any CPU
	EndGlobalSection
	GlobalSection(SolutionProperties) = preSolution
		HideSolutionNode = FALSE
	EndGlobalSection
	GlobalSection(ExtensibilityGlobals) = postSolution
		SolutionGuid = {D5F8C5CF-6DC8-409B-83C0-A99F7884E99B}
	EndGlobalSection
EndGlobal
